
Microsoft Visual Studio Solution File, Format Version 12.00
# Visual Studio Version 17
VisualStudioVersion = 17.6.33723.286
MinimumVisualStudioVersion = 10.0.40219.1
Project("{FAE04EC0-301F-11D3-BF4B-00C04F79EFBC}") = "Overriding_Learning", "Overriding_Learning\Overriding_Learning.csproj", "{CE0D0A31-D58C-4349-A852-AC450CF9F62F}"
EndProject
Global
	GlobalSection(SolutionConfigurationPlatforms) = preSolution
		Debug|Any CPU = Debug|Any CPU
		Release|Any CPU = Release|Any CPU
	EndGlobalSection
	GlobalSection(ProjectConfigurationPlatforms) = postSolution
		{CE0D0A31-D58C-4349-A852-AC450CF9F62F}.Debug|Any CPU.ActiveCfg = Debug|Any CPU
		{CE0D0A31-D58C-4349-A852-AC450CF9F62F}.Debug|Any CPU.Build.0 = Debug|Any CPU
		{CE0D0A31-D58C-4349-A852-AC450CF9F62F}.Release|Any CPU.ActiveCfg = Release|Any CPU
		{CE0D0A31-D58C-4349-A852-AC450CF9F62F}.Release|Any CPU.Build.0 = Release|Any CPU
	EndGlobalSection
	GlobalSection(SolutionProperties) = preSolution
		HideSolutionNode = FALSE
	EndGlobalSection
	GlobalSection(ExtensibilityGlobals) = postSolution
		SolutionGuid = {29F4431B-2460-4688-AE19-AEF09BCD3892}
	EndGlobalSection
EndGlobal
